
Microsoft Visual Studio Solution File, Format Version 12.00
# Visual Studio Version 16
VisualStudioVersion = 16.0.32106.194
MinimumVisualStudioVersion = 10.0.40219.1
Project("{FAE04EC0-301F-11D3-BF4B-00C04F79EFBC}") = "CapaDatos", "CapaDatos\CapaDatos.csproj", "{F9BFB383-584A-433C-8EEB-3469C21750D5}"
EndProject
Project("{FAE04EC0-301F-11D3-BF4B-00C04F79EFBC}") = "CapaNegocio", "CapaNegocio\CapaNegocio.csproj", "{6887BCA1-276D-4C0E-90F3-89DB822094F9}"
EndProject
Project("{FAE04EC0-301F-11D3-BF4B-00C04F79EFBC}") = "CapaPresentacion", "CapaPresentacion\CapaPresentacion.csproj", "{76D8D711-96AD-4008-80B1-68EDBE801582}"
EndProject
Global
	GlobalSection(SolutionConfigurationPlatforms) = preSolution
		Debug|Any CPU = Debug|Any CPU
		Release|Any CPU = Release|Any CPU
	EndGlobalSection
	GlobalSection(ProjectConfigurationPlatforms) = postSolution
		{F9BFB383-584A-433C-8EEB-3469C21750D5}.Debug|Any CPU.ActiveCfg = Debug|Any CPU
		{F9BFB383-584A-433C-8EEB-3469C21750D5}.Debug|Any CPU.Build.0 = Debug|Any CPU
		{F9BFB383-584A-433C-8EEB-3469C21750D5}.Release|Any CPU.ActiveCfg = Release|Any CPU
		{F9BFB383-584A-433C-8EEB-3469C21750D5}.Release|Any CPU.Build.0 = Release|Any CPU
		{6887BCA1-276D-4C0E-90F3-89DB822094F9}.Debug|Any CPU.ActiveCfg = Debug|Any CPU
		{6887BCA1-276D-4C0E-90F3-89DB822094F9}.Debug|Any CPU.Build.0 = Debug|Any CPU
		{6887BCA1-276D-4C0E-90F3-89DB822094F9}.Release|Any CPU.ActiveCfg = Release|Any CPU
		{6887BCA1-276D-4C0E-90F3-89DB822094F9}.Release|Any CPU.Build.0 = Release|Any CPU
		{76D8D711-96AD-4008-80B1-68EDBE801582}.Debug|Any CPU.ActiveCfg = Debug|Any CPU
		{76D8D711-96AD-4008-80B1-68EDBE801582}.Debug|Any CPU.Build.0 = Debug|Any CPU
		{76D8D711-96AD-4008-80B1-68EDBE801582}.Release|Any CPU.ActiveCfg = Release|Any CPU
		{76D8D711-96AD-4008-80B1-68EDBE801582}.Release|Any CPU.Build.0 = Release|Any CPU
	EndGlobalSection
	GlobalSection(SolutionProperties) = preSolution
		HideSolutionNode = FALSE
	EndGlobalSection
	GlobalSection(ExtensibilityGlobals) = postSolution
		SolutionGuid = {A52E46F8-0B22-4FEB-950F-697778131B43}
	EndGlobalSection
EndGlobal
